
Microsoft Visual Studio Solution File, Format Version 12.00
# Visual Studio Version 17
VisualStudioVersion = 17.12.35521.163 d17.12
MinimumVisualStudioVersion = 10.0.40219.1
Project("{2150E333-8FDC-42A3-9474-1A3956D46DE8}") = "Task0", "Task0", "{14399212-071F-4AD1-B39F-8F3D69AF8021}"
EndProject
Project("{FAE04EC0-301F-11D3-BF4B-00C04F79EFBC}") = "Tyuiu.GairabekovMR.Sprint4.Task0.V28", "Tyuiu.GairabekovMR.Sprint4.Task0.V28\Tyuiu.GairabekovMR.Sprint4.Task0.V28.csproj", "{177571A5-1A55-4B04-B8A7-BA0734CC048B}"
EndProject
Project("{FAE04EC0-301F-11D3-BF4B-00C04F79EFBC}") = "Tyuiu.GairabekovMR.Sprint4.Task0.V28.Lib", "Tyuiu.GairabekovMR.Sprint4.Task0.V28.Lib\Tyuiu.GairabekovMR.Sprint4.Task0.V28.Lib.csproj", "{E68DAB01-07D3-46A9-A4DB-0E7C93E1EF6D}"
EndProject
Project("{FAE04EC0-301F-11D3-BF4B-00C04F79EFBC}") = "Tyuiu.GairabekovMR.Sprint4.Task0.V28.Test", "Tyuiu.GairabekovMR.Sprint4.Task0.V28.Test\Tyuiu.GairabekovMR.Sprint4.Task0.V28.Test.csproj", "{433ACB5C-3C8C-4D63-9673-C2E7E65A7A1D}"
EndProject
Project("{2150E333-8FDC-42A3-9474-1A3956D46DE8}") = "Task2", "Task2", "{E27F0F89-F9F5-407A-A4C6-3DED3F0DFBB7}"
EndProject
Project("{FAE04EC0-301F-11D3-BF4B-00C04F79EFBC}") = "Tyuiu.GairabekovMR.Sprint4.Task2.V19", "Tyuiu.GairabekovMR.Sprint4.Task2.V19\Tyuiu.GairabekovMR.Sprint4.Task2.V19.csproj", "{F80A1BFE-EC08-4D5F-BFC2-BFD38427B232}"
EndProject
Project("{FAE04EC0-301F-11D3-BF4B-00C04F79EFBC}") = "Tyuiu.GairabekovMR.Sprint4.Task2.V19.Lib", "Tyuiu.GairabekovMR.Sprint4.Task2.V19.Lib\Tyuiu.GairabekovMR.Sprint4.Task2.V19.Lib.csproj", "{1997049C-D3F6-43EB-8DC5-02D35C069A10}"
EndProject
Project("{FAE04EC0-301F-11D3-BF4B-00C04F79EFBC}") = "Tyuiu.GairabekovMR.Sprint4.Task2.V19.Test", "Tyuiu.GairabekovMR.Sprint4.Task2.V19.Test\Tyuiu.GairabekovMR.Sprint4.Task2.V19.Test.csproj", "{80B3D07B-635E-43CC-A9F7-E74020198C23}"
EndProject
Project("{2150E333-8FDC-42A3-9474-1A3956D46DE8}") = "Task3", "Task3", "{9D3DC758-982F-4C7D-B46D-989C19FC29D2}"
EndProject
Project("{FAE04EC0-301F-11D3-BF4B-00C04F79EFBC}") = "Tyuiu.GairabekovMR.Sprint4.Task3.V19", "Tyuiu.GairabekovMR.Sprint4.Task3.V19\Tyuiu.GairabekovMR.Sprint4.Task3.V19.csproj", "{310C6FA0-9446-4F9B-82BE-D8F21AF7E898}"
EndProject
Project("{FAE04EC0-301F-11D3-BF4B-00C04F79EFBC}") = "Tyuiu.GairabekovMR.Sprint4.Task3.V19.Lib", "Tyuiu.GairabekovMR.Sprint4.Task3.V19.Lib\Tyuiu.GairabekovMR.Sprint4.Task3.V19.Lib.csproj", "{904B355A-1EA0-48FE-9FC0-F7366B70477E}"
EndProject
Project("{FAE04EC0-301F-11D3-BF4B-00C04F79EFBC}") = "Tyuiu.GairabekovMR.Sprint4.Task3.V19.Test", "Tyuiu.GairabekovMR.Sprint4.Task3.V19.Test\Tyuiu.GairabekovMR.Sprint4.Task3.V19.Test.csproj", "{1D8D4DB1-DFCB-43EA-89DC-9AF6E6F87B78}"
EndProject
Project("{2150E333-8FDC-42A3-9474-1A3956D46DE8}") = "Task4", "Task4", "{89758C3F-0163-4191-80A9-F1FE571A0F32}"
EndProject
Project("{FAE04EC0-301F-11D3-BF4B-00C04F79EFBC}") = "Tyuiu.GairabekovMR.Sprint4.Task4.V30", "Tyuiu.GairabekovMR.Sprint4.Task4.V30\Tyuiu.GairabekovMR.Sprint4.Task4.V30.csproj", "{BDE9EFC1-05C3-4272-872F-8EA1EF2E4184}"
EndProject
Project("{FAE04EC0-301F-11D3-BF4B-00C04F79EFBC}") = "Tyuiu.GairabekovMR.Sprint4.Task4.V30.Lib", "Tyuiu.GairabekovMR.Sprint4.Task4.V30.Lib\Tyuiu.GairabekovMR.Sprint4.Task4.V30.Lib.csproj", "{9D715A7F-1747-49AB-98D7-E685CECB4441}"
EndProject
Project("{FAE04EC0-301F-11D3-BF4B-00C04F79EFBC}") = "Tyuiu.GairabekovMR.Sprint4.Task4.V30.Test", "Tyuiu.GairabekovMR.Sprint4.Task4.V30.Test\Tyuiu.GairabekovMR.Sprint4.Task4.V30.Test.csproj", "{4C93AAC8-0A95-4538-A3B0-6E1C186EE085}"
EndProject
Project("{2150E333-8FDC-42A3-9474-1A3956D46DE8}") = "Task5", "Task5", "{9135EBA8-8800-4B6A-B75A-4E0F71F21D2C}"
EndProject
Project("{FAE04EC0-301F-11D3-BF4B-00C04F79EFBC}") = "Tyuiu.GairabekovMR.Sprint4.Task5.V12", "Tyuiu.GairabekovMR.Sprint4.Task5.V12\Tyuiu.GairabekovMR.Sprint4.Task5.V12.csproj", "{8010958D-E6E6-4DBE-BAC2-5743F78471E1}"
EndProject
Project("{FAE04EC0-301F-11D3-BF4B-00C04F79EFBC}") = "Tyuiu.GairabekovMR.Sprint4.Task5.V12.Lib", "Tyuiu.GairabekovMR.Sprint4.Task5.V12.Lib\Tyuiu.GairabekovMR.Sprint4.Task5.V12.Lib.csproj", "{DC52CE59-E868-4CF4-81AA-0E895E35F9E9}"
EndProject
Project("{FAE04EC0-301F-11D3-BF4B-00C04F79EFBC}") = "Tyuiu.GairabekovMR.Sprint4.Task5.V12.Test", "Tyuiu.GairabekovMR.Sprint4.Task5.V12.Test\Tyuiu.GairabekovMR.Sprint4.Task5.V12.Test.csproj", "{F33118B2-276F-46CB-A891-455FF3C30314}"
EndProject
Project("{2150E333-8FDC-42A3-9474-1A3956D46DE8}") = "Task6", "Task6", "{88D47C76-BBB5-47C6-9EE9-2328710318A3}"
EndProject
Project("{FAE04EC0-301F-11D3-BF4B-00C04F79EFBC}") = "Tyuiu.GairabekovMR.Sprint4.Task6.V29", "Tyuiu.GairabekovMR.Sprint4.Task6.V29\Tyuiu.GairabekovMR.Sprint4.Task6.V29.csproj", "{C517764E-B569-4289-A29E-5FD11345E42A}"
EndProject
Project("{FAE04EC0-301F-11D3-BF4B-00C04F79EFBC}") = "Tyuiu.GairabekovMR.Sprint4.Task6.V29.Lib", "Tyuiu.GairabekovMR.Sprint4.Task6.V29.Lib\Tyuiu.GairabekovMR.Sprint4.Task6.V29.Lib.csproj", "{E8F06EFB-8E57-4339-BAB9-616C7A8C87D3}"
EndProject
Project("{FAE04EC0-301F-11D3-BF4B-00C04F79EFBC}") = "Tyuiu.GairabekovMR.Sprint4.Task6.V29.Test", "Tyuiu.GairabekovMR.Sprint4.Task6.V29.Test\Tyuiu.GairabekovMR.Sprint4.Task6.V29.Test.csproj", "{48B3B933-2847-4837-AA9C-73C2A97B55AA}"
EndProject
Project("{2150E333-8FDC-42A3-9474-1A3956D46DE8}") = "Task7", "Task7", "{587052C2-A4E1-443D-9AFB-E24D96A653A3}"
EndProject
Project("{FAE04EC0-301F-11D3-BF4B-00C04F79EFBC}") = "Tyuiu.GairabekovMR.Sprint4.Task7.V28", "Tyuiu.GairabekovMR.Sprint4.Task7.V28\Tyuiu.GairabekovMR.Sprint4.Task7.V28.csproj", "{96556257-BF49-4220-9FF5-19434C800EE2}"
EndProject
Project("{FAE04EC0-301F-11D3-BF4B-00C04F79EFBC}") = "Tyuiu.GairabekovMR.Sprint4.Task7.V28.Lib", "Tyuiu.GairabekovMR.Sprint4.Task7.V28.Lib\Tyuiu.GairabekovMR.Sprint4.Task7.V28.Lib.csproj", "{ABAB4751-C420-41AF-8487-EABD98EE2898}"
EndProject
Project("{FAE04EC0-301F-11D3-BF4B-00C04F79EFBC}") = "Tyuiu.GairabekovMR.Sprint4.Task7.V28.Test", "Tyuiu.GairabekovMR.Sprint4.Task7.V28.Test\Tyuiu.GairabekovMR.Sprint4.Task7.V28.Test.csproj", "{DC39FE82-96B7-4197-8731-CE802395FA67}"
EndProject
Project("{2150E333-8FDC-42A3-9474-1A3956D46DE8}") = "Task1", "Task1", "{F3FACA33-C8C7-470F-B441-1600248494A7}"
EndProject
Project("{FAE04EC0-301F-11D3-BF4B-00C04F79EFBC}") = "Tyuiu.GairabekovMR.Sprint4.Task1.V8", "Tyuiu.GairabekovMR.Sprint4.Task1.V1\Tyuiu.GairabekovMR.Sprint4.Task1.V8.csproj", "{DC3CB525-5BF3-4C6F-B67E-763B30550438}"
EndProject
Project("{FAE04EC0-301F-11D3-BF4B-00C04F79EFBC}") = "Tyuiu.GairabekovMR.Sprint4.Task1.V8.Lib", "Tyuiu.GairabekovMR.Sprint4.Task1.V1.Lib\Tyuiu.GairabekovMR.Sprint4.Task1.V8.Lib.csproj", "{EE6FFC4C-DBB0-492E-A8ED-7658882EE8B7}"
EndProject
Project("{FAE04EC0-301F-11D3-BF4B-00C04F79EFBC}") = "Tyuiu.GairabekovMR.Sprint4.Task1.V8.Test", "Tyuiu.GairabekovMR.Sprint4.Task1.V1.Test\Tyuiu.GairabekovMR.Sprint4.Task1.V8.Test.csproj", "{20AEC349-467C-4BCA-ACB9-C66E8FC7DD23}"
EndProject
Global
	GlobalSection(SolutionConfigurationPlatforms) = preSolution
		Debug|Any CPU = Debug|Any CPU
		Release|Any CPU = Release|Any CPU
	EndGlobalSection
	GlobalSection(ProjectConfigurationPlatforms) = postSolution
		{177571A5-1A55-4B04-B8A7-BA0734CC048B}.Debug|Any CPU.ActiveCfg = Debug|Any CPU
		{177571A5-1A55-4B04-B8A7-BA0734CC048B}.Debug|Any CPU.Build.0 = Debug|Any CPU
		{177571A5-1A55-4B04-B8A7-BA0734CC048B}.Release|Any CPU.ActiveCfg = Release|Any CPU
		{177571A5-1A55-4B04-B8A7-BA0734CC048B}.Release|Any CPU.Build.0 = Release|Any CPU
		{E68DAB01-07D3-46A9-A4DB-0E7C93E1EF6D}.Debug|Any CPU.ActiveCfg = Debug|Any CPU
		{E68DAB01-07D3-46A9-A4DB-0E7C93E1EF6D}.Debug|Any CPU.Build.0 = Debug|Any CPU
		{E68DAB01-07D3-46A9-A4DB-0E7C93E1EF6D}.Release|Any CPU.ActiveCfg = Release|Any CPU
		{E68DAB01-07D3-46A9-A4DB-0E7C93E1EF6D}.Release|Any CPU.Build.0 = Release|Any CPU
		{433ACB5C-3C8C-4D63-9673-C2E7E65A7A1D}.Debug|Any CPU.ActiveCfg = Debug|Any CPU
		{433ACB5C-3C8C-4D63-9673-C2E7E65A7A1D}.Debug|Any CPU.Build.0 = Debug|Any CPU
		{433ACB5C-3C8C-4D63-9673-C2E7E65A7A1D}.Release|Any CPU.ActiveCfg = Release|Any CPU
		{433ACB5C-3C8C-4D63-9673-C2E7E65A7A1D}.Release|Any CPU.Build.0 = Release|Any CPU
		{F80A1BFE-EC08-4D5F-BFC2-BFD38427B232}.Debug|Any CPU.ActiveCfg = Debug|Any CPU
		{F80A1BFE-EC08-4D5F-BFC2-BFD38427B232}.Debug|Any CPU.Build.0 = Debug|Any CPU
		{F80A1BFE-EC08-4D5F-BFC2-BFD38427B232}.Release|Any CPU.ActiveCfg = Release|Any CPU
		{F80A1BFE-EC08-4D5F-BFC2-BFD38427B232}.Release|Any CPU.Build.0 = Release|Any CPU
		{1997049C-D3F6-43EB-8DC5-02D35C069A10}.Debug|Any CPU.ActiveCfg = Debug|Any CPU
		{1997049C-D3F6-43EB-8DC5-02D35C069A10}.Debug|Any CPU.Build.0 = Debug|Any CPU
		{1997049C-D3F6-43EB-8DC5-02D35C069A10}.Release|Any CPU.ActiveCfg = Release|Any CPU
		{1997049C-D3F6-43EB-8DC5-02D35C069A10}.Release|Any CPU.Build.0 = Release|Any CPU
		{80B3D07B-635E-43CC-A9F7-E74020198C23}.Debug|Any CPU.ActiveCfg = Debug|Any CPU
		{80B3D07B-635E-43CC-A9F7-E74020198C23}.Debug|Any CPU.Build.0 = Debug|Any CPU
		{80B3D07B-635E-43CC-A9F7-E74020198C23}.Release|Any CPU.ActiveCfg = Release|Any CPU
		{80B3D07B-635E-43CC-A9F7-E74020198C23}.Release|Any CPU.Build.0 = Release|Any CPU
		{310C6FA0-9446-4F9B-82BE-D8F21AF7E898}.Debug|Any CPU.ActiveCfg = Debug|Any CPU
		{310C6FA0-9446-4F9B-82BE-D8F21AF7E898}.Debug|Any CPU.Build.0 = Debug|Any CPU
		{310C6FA0-9446-4F9B-82BE-D8F21AF7E898}.Release|Any CPU.ActiveCfg = Release|Any CPU
		{310C6FA0-9446-4F9B-82BE-D8F21AF7E898}.Release|Any CPU.Build.0 = Release|Any CPU
		{904B355A-1EA0-48FE-9FC0-F7366B70477E}.Debug|Any CPU.ActiveCfg = Debug|Any CPU
		{904B355A-1EA0-48FE-9FC0-F7366B70477E}.Debug|Any CPU.Build.0 = Debug|Any CPU
		{904B355A-1EA0-48FE-9FC0-F7366B70477E}.Release|Any CPU.ActiveCfg = Release|Any CPU
		{904B355A-1EA0-48FE-9FC0-F7366B70477E}.Release|Any CPU.Build.0 = Release|Any CPU
		{1D8D4DB1-DFCB-43EA-89DC-9AF6E6F87B78}.Debug|Any CPU.ActiveCfg = Debug|Any CPU
		{1D8D4DB1-DFCB-43EA-89DC-9AF6E6F87B78}.Debug|Any CPU.Build.0 = Debug|Any CPU
		{1D8D4DB1-DFCB-43EA-89DC-9AF6E6F87B78}.Release|Any CPU.ActiveCfg = Release|Any CPU
		{1D8D4DB1-DFCB-43EA-89DC-9AF6E6F87B78}.Release|Any CPU.Build.0 = Release|Any CPU
		{BDE9EFC1-05C3-4272-872F-8EA1EF2E4184}.Debug|Any CPU.ActiveCfg = Debug|Any CPU
		{BDE9EFC1-05C3-4272-872F-8EA1EF2E4184}.Debug|Any CPU.Build.0 = Debug|Any CPU
		{BDE9EFC1-05C3-4272-872F-8EA1EF2E4184}.Release|Any CPU.ActiveCfg = Release|Any CPU
		{BDE9EFC1-05C3-4272-872F-8EA1EF2E4184}.Release|Any CPU.Build.0 = Release|Any CPU
		{9D715A7F-1747-49AB-98D7-E685CECB4441}.Debug|Any CPU.ActiveCfg = Debug|Any CPU
		{9D715A7F-1747-49AB-98D7-E685CECB4441}.Debug|Any CPU.Build.0 = Debug|Any CPU
		{9D715A7F-1747-49AB-98D7-E685CECB4441}.Release|Any CPU.ActiveCfg = Release|Any CPU
		{9D715A7F-1747-49AB-98D7-E685CECB4441}.Release|Any CPU.Build.0 = Release|Any CPU
		{4C93AAC8-0A95-4538-A3B0-6E1C186EE085}.Debug|Any CPU.ActiveCfg = Debug|Any CPU
		{4C93AAC8-0A95-4538-A3B0-6E1C186EE085}.Debug|Any CPU.Build.0 = Debug|Any CPU
		{4C93AAC8-0A95-4538-A3B0-6E1C186EE085}.Release|Any CPU.ActiveCfg = Release|Any CPU
		{4C93AAC8-0A95-4538-A3B0-6E1C186EE085}.Release|Any CPU.Build.0 = Release|Any CPU
		{8010958D-E6E6-4DBE-BAC2-5743F78471E1}.Debug|Any CPU.ActiveCfg = Debug|Any CPU
		{8010958D-E6E6-4DBE-BAC2-5743F78471E1}.Debug|Any CPU.Build.0 = Debug|Any CPU
		{8010958D-E6E6-4DBE-BAC2-5743F78471E1}.Release|Any CPU.ActiveCfg = Release|Any CPU
		{8010958D-E6E6-4DBE-BAC2-5743F78471E1}.Release|Any CPU.Build.0 = Release|Any CPU
		{DC52CE59-E868-4CF4-81AA-0E895E35F9E9}.Debug|Any CPU.ActiveCfg = Debug|Any CPU
		{DC52CE59-E868-4CF4-81AA-0E895E35F9E9}.Debug|Any CPU.Build.0 = Debug|Any CPU
		{DC52CE59-E868-4CF4-81AA-0E895E35F9E9}.Release|Any CPU.ActiveCfg = Release|Any CPU
		{DC52CE59-E868-4CF4-81AA-0E895E35F9E9}.Release|Any CPU.Build.0 = Release|Any CPU
		{F33118B2-276F-46CB-A891-455FF3C30314}.Debug|Any CPU.ActiveCfg = Debug|Any CPU
		{F33118B2-276F-46CB-A891-455FF3C30314}.Debug|Any CPU.Build.0 = Debug|Any CPU
		{F33118B2-276F-46CB-A891-455FF3C30314}.Release|Any CPU.ActiveCfg = Release|Any CPU
		{F33118B2-276F-46CB-A891-455FF3C30314}.Release|Any CPU.Build.0 = Release|Any CPU
		{C517764E-B569-4289-A29E-5FD11345E42A}.Debug|Any CPU.ActiveCfg = Debug|Any CPU
		{C517764E-B569-4289-A29E-5FD11345E42A}.Debug|Any CPU.Build.0 = Debug|Any CPU
		{C517764E-B569-4289-A29E-5FD11345E42A}.Release|Any CPU.ActiveCfg = Release|Any CPU
		{C517764E-B569-4289-A29E-5FD11345E42A}.Release|Any CPU.Build.0 = Release|Any CPU
		{E8F06EFB-8E57-4339-BAB9-616C7A8C87D3}.Debug|Any CPU.ActiveCfg = Debug|Any CPU
		{E8F06EFB-8E57-4339-BAB9-616C7A8C87D3}.Debug|Any CPU.Build.0 = Debug|Any CPU
		{E8F06EFB-8E57-4339-BAB9-616C7A8C87D3}.Release|Any CPU.ActiveCfg = Release|Any CPU
		{E8F06EFB-8E57-4339-BAB9-616C7A8C87D3}.Release|Any CPU.Build.0 = Release|Any CPU
		{48B3B933-2847-4837-AA9C-73C2A97B55AA}.Debug|Any CPU.ActiveCfg = Debug|Any CPU
		{48B3B933-2847-4837-AA9C-73C2A97B55AA}.Debug|Any CPU.Build.0 = Debug|Any CPU
		{48B3B933-2847-4837-AA9C-73C2A97B55AA}.Release|Any CPU.ActiveCfg = Release|Any CPU
		{48B3B933-2847-4837-AA9C-73C2A97B55AA}.Release|Any CPU.Build.0 = Release|Any CPU
		{96556257-BF49-4220-9FF5-19434C800EE2}.Debug|Any CPU.ActiveCfg = Debug|Any CPU
		{96556257-BF49-4220-9FF5-19434C800EE2}.Debug|Any CPU.Build.0 = Debug|Any CPU
		{96556257-BF49-4220-9FF5-19434C800EE2}.Release|Any CPU.ActiveCfg = Release|Any CPU
		{96556257-BF49-4220-9FF5-19434C800EE2}.Release|Any CPU.Build.0 = Release|Any CPU
		{ABAB4751-C420-41AF-8487-EABD98EE2898}.Debug|Any CPU.ActiveCfg = Debug|Any CPU
		{ABAB4751-C420-41AF-8487-EABD98EE2898}.Debug|Any CPU.Build.0 = Debug|Any CPU
		{ABAB4751-C420-41AF-8487-EABD98EE2898}.Release|Any CPU.ActiveCfg = Release|Any CPU
		{ABAB4751-C420-41AF-8487-EABD98EE2898}.Release|Any CPU.Build.0 = Release|Any CPU
		{DC39FE82-96B7-4197-8731-CE802395FA67}.Debug|Any CPU.ActiveCfg = Debug|Any CPU
		{DC39FE82-96B7-4197-8731-CE802395FA67}.Debug|Any CPU.Build.0 = Debug|Any CPU
		{DC39FE82-96B7-4197-8731-CE802395FA67}.Release|Any CPU.ActiveCfg = Release|Any CPU
		{DC39FE82-96B7-4197-8731-CE802395FA67}.Release|Any CPU.Build.0 = Release|Any CPU
		{DC3CB525-5BF3-4C6F-B67E-763B30550438}.Debug|Any CPU.ActiveCfg = Debug|Any CPU
		{DC3CB525-5BF3-4C6F-B67E-763B30550438}.Debug|Any CPU.Build.0 = Debug|Any CPU
		{DC3CB525-5BF3-4C6F-B67E-763B30550438}.Release|Any CPU.ActiveCfg = Release|Any CPU
		{DC3CB525-5BF3-4C6F-B67E-763B30550438}.Release|Any CPU.Build.0 = Release|Any CPU
		{EE6FFC4C-DBB0-492E-A8ED-7658882EE8B7}.Debug|Any CPU.ActiveCfg = Debug|Any CPU
		{EE6FFC4C-DBB0-492E-A8ED-7658882EE8B7}.Debug|Any CPU.Build.0 = Debug|Any CPU
		{EE6FFC4C-DBB0-492E-A8ED-7658882EE8B7}.Release|Any CPU.ActiveCfg = Release|Any CPU
		{EE6FFC4C-DBB0-492E-A8ED-7658882EE8B7}.Release|Any CPU.Build.0 = Release|Any CPU
		{20AEC349-467C-4BCA-ACB9-C66E8FC7DD23}.Debug|Any CPU.ActiveCfg = Debug|Any CPU
		{20AEC349-467C-4BCA-ACB9-C66E8FC7DD23}.Debug|Any CPU.Build.0 = Debug|Any CPU
		{20AEC349-467C-4BCA-ACB9-C66E8FC7DD23}.Release|Any CPU.ActiveCfg = Release|Any CPU
		{20AEC349-467C-4BCA-ACB9-C66E8FC7DD23}.Release|Any CPU.Build.0 = Release|Any CPU
	EndGlobalSection
	GlobalSection(SolutionProperties) = preSolution
		HideSolutionNode = FALSE
	EndGlobalSection
	GlobalSection(NestedProjects) = preSolution
		{177571A5-1A55-4B04-B8A7-BA0734CC048B} = {14399212-071F-4AD1-B39F-8F3D69AF8021}
		{E68DAB01-07D3-46A9-A4DB-0E7C93E1EF6D} = {14399212-071F-4AD1-B39F-8F3D69AF8021}
		{433ACB5C-3C8C-4D63-9673-C2E7E65A7A1D} = {14399212-071F-4AD1-B39F-8F3D69AF8021}
		{F80A1BFE-EC08-4D5F-BFC2-BFD38427B232} = {E27F0F89-F9F5-407A-A4C6-3DED3F0DFBB7}
		{1997049C-D3F6-43EB-8DC5-02D35C069A10} = {E27F0F89-F9F5-407A-A4C6-3DED3F0DFBB7}
		{80B3D07B-635E-43CC-A9F7-E74020198C23} = {E27F0F89-F9F5-407A-A4C6-3DED3F0DFBB7}
		{310C6FA0-9446-4F9B-82BE-D8F21AF7E898} = {9D3DC758-982F-4C7D-B46D-989C19FC29D2}
		{904B355A-1EA0-48FE-9FC0-F7366B70477E} = {9D3DC758-982F-4C7D-B46D-989C19FC29D2}
		{1D8D4DB1-DFCB-43EA-89DC-9AF6E6F87B78} = {9D3DC758-982F-4C7D-B46D-989C19FC29D2}
		{BDE9EFC1-05C3-4272-872F-8EA1EF2E4184} = {89758C3F-0163-4191-80A9-F1FE571A0F32}
		{9D715A7F-1747-49AB-98D7-E685CECB4441} = {89758C3F-0163-4191-80A9-F1FE571A0F32}
		{4C93AAC8-0A95-4538-A3B0-6E1C186EE085} = {89758C3F-0163-4191-80A9-F1FE571A0F32}
		{8010958D-E6E6-4DBE-BAC2-5743F78471E1} = {9135EBA8-8800-4B6A-B75A-4E0F71F21D2C}
		{DC52CE59-E868-4CF4-81AA-0E895E35F9E9} = {9135EBA8-8800-4B6A-B75A-4E0F71F21D2C}
		{F33118B2-276F-46CB-A891-455FF3C30314} = {9135EBA8-8800-4B6A-B75A-4E0F71F21D2C}
		{C517764E-B569-4289-A29E-5FD11345E42A} = {88D47C76-BBB5-47C6-9EE9-2328710318A3}
		{E8F06EFB-8E57-4339-BAB9-616C7A8C87D3} = {88D47C76-BBB5-47C6-9EE9-2328710318A3}
		{48B3B933-2847-4837-AA9C-73C2A97B55AA} = {88D47C76-BBB5-47C6-9EE9-2328710318A3}
		{96556257-BF49-4220-9FF5-19434C800EE2} = {587052C2-A4E1-443D-9AFB-E24D96A653A3}
		{ABAB4751-C420-41AF-8487-EABD98EE2898} = {587052C2-A4E1-443D-9AFB-E24D96A653A3}
		{DC39FE82-96B7-4197-8731-CE802395FA67} = {587052C2-A4E1-443D-9AFB-E24D96A653A3}
		{DC3CB525-5BF3-4C6F-B67E-763B30550438} = {F3FACA33-C8C7-470F-B441-1600248494A7}
		{EE6FFC4C-DBB0-492E-A8ED-7658882EE8B7} = {F3FACA33-C8C7-470F-B441-1600248494A7}
		{20AEC349-467C-4BCA-ACB9-C66E8FC7DD23} = {F3FACA33-C8C7-470F-B441-1600248494A7}
	EndGlobalSection
EndGlobal
